
Microsoft Visual Studio Solution File, Format Version 12.00
# Visual Studio Version 16
VisualStudioVersion = 16.0.29215.179
MinimumVisualStudioVersion = 10.0.40219.1
Project("{FAE04EC0-301F-11D3-BF4B-00C04F79EFBC}") = "Image Editor By DH", "Image Editor By DH.csproj", "{A5FB2DF5-0602-4700-AE7B-62E158D5D914}"
EndProject
Global
	GlobalSection(SolutionConfigurationPlatforms) = preSolution
		Debug|Any CPU = Debug|Any CPU
		Release|Any CPU = Release|Any CPU
	EndGlobalSection
	GlobalSection(ProjectConfigurationPlatforms) = postSolution
		{A5FB2DF5-0602-4700-AE7B-62E158D5D914}.Debug|Any CPU.ActiveCfg = Debug|Any CPU
		{A5FB2DF5-0602-4700-AE7B-62E158D5D914}.Debug|Any CPU.Build.0 = Debug|Any CPU
		{A5FB2DF5-0602-4700-AE7B-62E158D5D914}.Release|Any CPU.ActiveCfg = Release|Any CPU
		{A5FB2DF5-0602-4700-AE7B-62E158D5D914}.Release|Any CPU.Build.0 = Release|Any CPU
	EndGlobalSection
	GlobalSection(SolutionProperties) = preSolution
		HideSolutionNode = FALSE
	EndGlobalSection
	GlobalSection(ExtensibilityGlobals) = postSolution
		SolutionGuid = {1A489885-AF6D-4EF3-9D17-94FC6839DA50}
	EndGlobalSection
EndGlobal
